
Microsoft Visual Studio Solution File, Format Version 12.00
# Visual Studio Version 17
VisualStudioVersion = 17.14.36414.22 d17.14
MinimumVisualStudioVersion = 10.0.40219.1
Project("{FAE04EC0-301F-11D3-BF4B-00C04F79EFBC}") = "JellyGuard", "JellyGuard.csproj", "{75BE194F-02A2-9527-3EDC-5826FD08C799}"
EndProject
Global
	GlobalSection(SolutionConfigurationPlatforms) = preSolution
		Debug|Any CPU = Debug|Any CPU
		Release|Any CPU = Release|Any CPU
	EndGlobalSection
	GlobalSection(ProjectConfigurationPlatforms) = postSolution
		{75BE194F-02A2-9527-3EDC-5826FD08C799}.Debug|Any CPU.ActiveCfg = Debug|Any CPU
		{75BE194F-02A2-9527-3EDC-5826FD08C799}.Debug|Any CPU.Build.0 = Debug|Any CPU
		{75BE194F-02A2-9527-3EDC-5826FD08C799}.Release|Any CPU.ActiveCfg = Release|Any CPU
		{75BE194F-02A2-9527-3EDC-5826FD08C799}.Release|Any CPU.Build.0 = Release|Any CPU
	EndGlobalSection
	GlobalSection(SolutionProperties) = preSolution
		HideSolutionNode = FALSE
	EndGlobalSection
	GlobalSection(ExtensibilityGlobals) = postSolution
		SolutionGuid = {FC64FCB0-A9FF-4886-BE5B-75B8714E60EB}
	EndGlobalSection
EndGlobal
